
Microsoft Visual Studio Solution File, Format Version 12.00
# Visual Studio Version 17
VisualStudioVersion = 17.7.34031.279
MinimumVisualStudioVersion = 10.0.40219.1
Project("{FAE04EC0-301F-11D3-BF4B-00C04F79EFBC}") = "DrodnsoExamenJunio", "DrodnsoExamenJunio.csproj", "{EE0C6065-4DFF-43B5-B801-20E29125E292}"
EndProject
Global
	GlobalSection(SolutionConfigurationPlatforms) = preSolution
		Debug|Any CPU = Debug|Any CPU
		Release|Any CPU = Release|Any CPU
	EndGlobalSection
	GlobalSection(ProjectConfigurationPlatforms) = postSolution
		{EE0C6065-4DFF-43B5-B801-20E29125E292}.Debug|Any CPU.ActiveCfg = Debug|Any CPU
		{EE0C6065-4DFF-43B5-B801-20E29125E292}.Debug|Any CPU.Build.0 = Debug|Any CPU
		{EE0C6065-4DFF-43B5-B801-20E29125E292}.Release|Any CPU.ActiveCfg = Release|Any CPU
		{EE0C6065-4DFF-43B5-B801-20E29125E292}.Release|Any CPU.Build.0 = Release|Any CPU
	EndGlobalSection
	GlobalSection(SolutionProperties) = preSolution
		HideSolutionNode = FALSE
	EndGlobalSection
	GlobalSection(ExtensibilityGlobals) = postSolution
		SolutionGuid = {226E64CF-03C5-4F06-8600-44D7D85A332C}
	EndGlobalSection
EndGlobal
